
Microsoft Visual Studio Solution File, Format Version 12.00
# Visual Studio Version 17
VisualStudioVersion = 17.0.31919.166
MinimumVisualStudioVersion = 10.0.40219.1
Project("{FAE04EC0-301F-11D3-BF4B-00C04F79EFBC}") = "Assignment_2", "Assignment_2\Assignment_2.csproj", "{17D0295D-292D-4E45-8E33-18633A5BF824}"
EndProject
Global
	GlobalSection(SolutionConfigurationPlatforms) = preSolution
		Debug|Any CPU = Debug|Any CPU
		Release|Any CPU = Release|Any CPU
	EndGlobalSection
	GlobalSection(ProjectConfigurationPlatforms) = postSolution
		{17D0295D-292D-4E45-8E33-18633A5BF824}.Debug|Any CPU.ActiveCfg = Debug|Any CPU
		{17D0295D-292D-4E45-8E33-18633A5BF824}.Debug|Any CPU.Build.0 = Debug|Any CPU
		{17D0295D-292D-4E45-8E33-18633A5BF824}.Release|Any CPU.ActiveCfg = Release|Any CPU
		{17D0295D-292D-4E45-8E33-18633A5BF824}.Release|Any CPU.Build.0 = Release|Any CPU
	EndGlobalSection
	GlobalSection(SolutionProperties) = preSolution
		HideSolutionNode = FALSE
	EndGlobalSection
	GlobalSection(ExtensibilityGlobals) = postSolution
		SolutionGuid = {BDA5EAFA-3A98-4AF4-8E6B-CF65A74A62AC}
	EndGlobalSection
EndGlobal
